# This file is @generated by PDM.
# It is not intended for manual editing.

[metadata]
groups = ["default", "toml"]
strategy = ["inherit_metadata"]
lock_version = "4.5.0"
content_hash = "sha256:655221fa9956d4c4fdeaec24bbd06dff3c9caad0fb842c06900b84290748ee96"

[[metadata.targets]]
requires_python = ">=3.10"

[[package]]
name = "tomli-w"
version = "1.2.0"
requires_python = ">=3.9"
summary = "A lil' TOML writer"
groups = ["toml"]
files = [
    {file = "tomli_w-1.2.0-py3-none-any.whl", hash = "sha256:188306098d013b691fcadc011abd66727d3c414c571bb01b1a174ba8c983cf90"},
    {file = "tomli_w-1.2.0.tar.gz", hash = "sha256:2dd14fac5a47c27be9cd4c976af5a12d87fb1f0b4512f81d69cce3b35ae25021"},
]
